
Microsoft Visual Studio Solution File, Format Version 12.00
# Visual Studio 14
VisualStudioVersion = 14.0.25420.1
MinimumVisualStudioVersion = 10.0.40219.1
Project("{FAE04EC0-301F-11D3-BF4B-00C04F79EFBC}") = "Latsos.Server", "OWIN Web API Starter Template1\Latsos.Server.csproj", "{C3BE11A9-8ED7-47EC-A90B-71544F7433FF}"
EndProject
Project("{FAE04EC0-301F-11D3-BF4B-00C04F79EFBC}") = "Latsos.Test", "Latsos.Test\Latsos.Test.csproj", "{25D9E91B-97FE-4DCB-B5C6-0E6F448705B9}"
EndProject
Project("{FAE04EC0-301F-11D3-BF4B-00C04F79EFBC}") = "Latsos.Client", "Latsos.Client\Latsos.Client.csproj", "{D02DB7B8-D137-4479-BD28-03393E17A76E}"
EndProject
Project("{FAE04EC0-301F-11D3-BF4B-00C04F79EFBC}") = "Latsos.Shared", "Latsos.Shared\Latsos.Shared.csproj", "{F0ACB08C-650B-4E32-83B1-FC14CE7BB516}"
EndProject
Project("{FAE04EC0-301F-11D3-BF4B-00C04F79EFBC}") = "Latsos.Core", "Latsos.Core\Latsos.Core.csproj", "{B4596AAF-A0D3-481A-A3C0-310C6B80B7B3}"
EndProject
Project("{FAE04EC0-301F-11D3-BF4B-00C04F79EFBC}") = "FakeConsumer", "FakeConsumer\FakeConsumer.csproj", "{1503F2EB-ABDC-4FE5-95A2-E8AA6D36255D}"
EndProject
Global
	GlobalSection(SolutionConfigurationPlatforms) = preSolution
		Debug|Any CPU = Debug|Any CPU
		Release|Any CPU = Release|Any CPU
	EndGlobalSection
	GlobalSection(ProjectConfigurationPlatforms) = postSolution
		{C3BE11A9-8ED7-47EC-A90B-71544F7433FF}.Debug|Any CPU.ActiveCfg = Debug|Any CPU
		{C3BE11A9-8ED7-47EC-A90B-71544F7433FF}.Debug|Any CPU.Build.0 = Debug|Any CPU
		{C3BE11A9-8ED7-47EC-A90B-71544F7433FF}.Release|Any CPU.ActiveCfg = Release|Any CPU
		{C3BE11A9-8ED7-47EC-A90B-71544F7433FF}.Release|Any CPU.Build.0 = Release|Any CPU
		{25D9E91B-97FE-4DCB-B5C6-0E6F448705B9}.Debug|Any CPU.ActiveCfg = Debug|Any CPU
		{25D9E91B-97FE-4DCB-B5C6-0E6F448705B9}.Debug|Any CPU.Build.0 = Debug|Any CPU
		{25D9E91B-97FE-4DCB-B5C6-0E6F448705B9}.Release|Any CPU.ActiveCfg = Release|Any CPU
		{25D9E91B-97FE-4DCB-B5C6-0E6F448705B9}.Release|Any CPU.Build.0 = Release|Any CPU
		{D02DB7B8-D137-4479-BD28-03393E17A76E}.Debug|Any CPU.ActiveCfg = Debug|Any CPU
		{D02DB7B8-D137-4479-BD28-03393E17A76E}.Debug|Any CPU.Build.0 = Debug|Any CPU
		{D02DB7B8-D137-4479-BD28-03393E17A76E}.Release|Any CPU.ActiveCfg = Release|Any CPU
		{D02DB7B8-D137-4479-BD28-03393E17A76E}.Release|Any CPU.Build.0 = Release|Any CPU
		{F0ACB08C-650B-4E32-83B1-FC14CE7BB516}.Debug|Any CPU.ActiveCfg = Debug|Any CPU
		{F0ACB08C-650B-4E32-83B1-FC14CE7BB516}.Debug|Any CPU.Build.0 = Debug|Any CPU
		{F0ACB08C-650B-4E32-83B1-FC14CE7BB516}.Release|Any CPU.ActiveCfg = Release|Any CPU
		{F0ACB08C-650B-4E32-83B1-FC14CE7BB516}.Release|Any CPU.Build.0 = Release|Any CPU
		{B4596AAF-A0D3-481A-A3C0-310C6B80B7B3}.Debug|Any CPU.ActiveCfg = Debug|Any CPU
		{B4596AAF-A0D3-481A-A3C0-310C6B80B7B3}.Debug|Any CPU.Build.0 = Debug|Any CPU
		{B4596AAF-A0D3-481A-A3C0-310C6B80B7B3}.Release|Any CPU.ActiveCfg = Release|Any CPU
		{B4596AAF-A0D3-481A-A3C0-310C6B80B7B3}.Release|Any CPU.Build.0 = Release|Any CPU
		{1503F2EB-ABDC-4FE5-95A2-E8AA6D36255D}.Debug|Any CPU.ActiveCfg = Debug|Any CPU
		{1503F2EB-ABDC-4FE5-95A2-E8AA6D36255D}.Debug|Any CPU.Build.0 = Debug|Any CPU
		{1503F2EB-ABDC-4FE5-95A2-E8AA6D36255D}.Release|Any CPU.ActiveCfg = Release|Any CPU
		{1503F2EB-ABDC-4FE5-95A2-E8AA6D36255D}.Release|Any CPU.Build.0 = Release|Any CPU
	EndGlobalSection
	GlobalSection(SolutionProperties) = preSolution
		HideSolutionNode = FALSE
	EndGlobalSection
EndGlobal
